
Microsoft Visual Studio Solution File, Format Version 12.00
# Visual Studio Version 17
VisualStudioVersion = 17.6.33829.357
MinimumVisualStudioVersion = 10.0.40219.1
Project("{FAE04EC0-301F-11D3-BF4B-00C04F79EFBC}") = "Prime Number", "Prime Number\Prime Number.csproj", "{C1BDD97E-52BA-434C-B4EF-ABCF945C5217}"
EndProject
Global
	GlobalSection(SolutionConfigurationPlatforms) = preSolution
		Debug|Any CPU = Debug|Any CPU
		Release|Any CPU = Release|Any CPU
	EndGlobalSection
	GlobalSection(ProjectConfigurationPlatforms) = postSolution
		{C1BDD97E-52BA-434C-B4EF-ABCF945C5217}.Debug|Any CPU.ActiveCfg = Debug|Any CPU
		{C1BDD97E-52BA-434C-B4EF-ABCF945C5217}.Debug|Any CPU.Build.0 = Debug|Any CPU
		{C1BDD97E-52BA-434C-B4EF-ABCF945C5217}.Release|Any CPU.ActiveCfg = Release|Any CPU
		{C1BDD97E-52BA-434C-B4EF-ABCF945C5217}.Release|Any CPU.Build.0 = Release|Any CPU
	EndGlobalSection
	GlobalSection(SolutionProperties) = preSolution
		HideSolutionNode = FALSE
	EndGlobalSection
	GlobalSection(ExtensibilityGlobals) = postSolution
		SolutionGuid = {D10BFCD5-73CE-4C76-A7BC-11CEFCB03D6F}
	EndGlobalSection
EndGlobal
